// !$*UTF8*$!
{
	archiveVersion = 1;
	classes = {
	};
	objectVersion = 56;
	objects = {

/* Begin PBXBuildFile section */
		E532C9DB2C1A611100B25DC0 /* Alamofire in Frameworks */ = {isa = PBXBuildFile; productRef = E532C9DA2C1A611100B25DC0 /* Alamofire */; };
		E532C9DD2C1A611100B25DC0 /* AlamofireDynamic in Frameworks */ = {isa = PBXBuildFile; productRef = E532C9DC2C1A611100B25DC0 /* AlamofireDynamic */; };
		E532C9E02C1A614A00B25DC0 /* Kingfisher in Frameworks */ = {isa = PBXBuildFile; productRef = E532C9DF2C1A614A00B25DC0 /* Kingfisher */; };
		E5667A142C1A67AD00746E0F /* AppCoordinator.swift in Sources */ = {isa = PBXBuildFile; fileRef = E5667A0F2C1A67AD00746E0F /* AppCoordinator.swift */; };
		E5667A152C1A67AD00746E0F /* Coordinator.swift in Sources */ = {isa = PBXBuildFile; fileRef = E5667A102C1A67AD00746E0F /* Coordinator.swift */; };
		E5667A162C1A67AD00746E0F /* MainTabbarController.swift in Sources */ = {isa = PBXBuildFile; fileRef = E5667A112C1A67AD00746E0F /* MainTabbarController.swift */; };
		E5667A172C1A67AD00746E0F /* MainTabbarCoordinator.swift in Sources */ = {isa = PBXBuildFile; fileRef = E5667A122C1A67AD00746E0F /* MainTabbarCoordinator.swift */; };
		E5667A1B2C1A681F00746E0F /* Utils.swift in Sources */ = {isa = PBXBuildFile; fileRef = E5667A1A2C1A681F00746E0F /* Utils.swift */; };
		E5667A1D2C1A684400746E0F /* Logger.swift in Sources */ = {isa = PBXBuildFile; fileRef = E5667A1C2C1A684400746E0F /* Logger.swift */; };
		E5667A202C1A688000746E0F /* UINavigationController+Extensions.swift in Sources */ = {isa = PBXBuildFile; fileRef = E5667A1F2C1A688000746E0F /* UINavigationController+Extensions.swift */; };
		E5667A222C1A68A700746E0F /* UIViewController+Extensions.swift in Sources */ = {isa = PBXBuildFile; fileRef = E5667A212C1A68A700746E0F /* UIViewController+Extensions.swift */; };
		E5667A2A2C1A6A7D00746E0F /* SplashViewController.xib in Resources */ = {isa = PBXBuildFile; fileRef = E5667A292C1A6A7D00746E0F /* SplashViewController.xib */; };
		E5667A2B2C1A6A7D00746E0F /* SplashCoordinator.swift in Sources */ = {isa = PBXBuildFile; fileRef = E5667A242C1A6A7D00746E0F /* SplashCoordinator.swift */; };
		E5667A2C2C1A6A7D00746E0F /* SplashViewController.swift in Sources */ = {isa = PBXBuildFile; fileRef = E5667A252C1A6A7D00746E0F /* SplashViewController.swift */; };
		E5667A2D2C1A6A7D00746E0F /* SplashRepository.swift in Sources */ = {isa = PBXBuildFile; fileRef = E5667A262C1A6A7D00746E0F /* SplashRepository.swift */; };
		E5667A2E2C1A6A7D00746E0F /* SplashBuilder.swift in Sources */ = {isa = PBXBuildFile; fileRef = E5667A272C1A6A7D00746E0F /* SplashBuilder.swift */; };
		E5667A2F2C1A6A7D00746E0F /* SplashViewModel.swift in Sources */ = {isa = PBXBuildFile; fileRef = E5667A282C1A6A7D00746E0F /* SplashViewModel.swift */; };
		E5667A342C1A6BB400746E0F /* MVVMTemplateReadme.md in Resources */ = {isa = PBXBuildFile; fileRef = E5667A332C1A6BB400746E0F /* MVVMTemplateReadme.md */; };
		E5667A412C1A6C5A00746E0F /* MainViewController.xib in Resources */ = {isa = PBXBuildFile; fileRef = E5667A402C1A6C5A00746E0F /* MainViewController.xib */; };
		E5667A422C1A6C5A00746E0F /* MainCoordinator.swift in Sources */ = {isa = PBXBuildFile; fileRef = E5667A3B2C1A6C5A00746E0F /* MainCoordinator.swift */; };
		E5667A432C1A6C5A00746E0F /* MainViewController.swift in Sources */ = {isa = PBXBuildFile; fileRef = E5667A3C2C1A6C5A00746E0F /* MainViewController.swift */; };
		E5667A442C1A6C5A00746E0F /* MainRepository.swift in Sources */ = {isa = PBXBuildFile; fileRef = E5667A3D2C1A6C5A00746E0F /* MainRepository.swift */; };
		E5667A452C1A6C5A00746E0F /* MainBuilder.swift in Sources */ = {isa = PBXBuildFile; fileRef = E5667A3E2C1A6C5A00746E0F /* MainBuilder.swift */; };
		E5667A462C1A6C5A00746E0F /* MainViewModel.swift in Sources */ = {isa = PBXBuildFile; fileRef = E5667A3F2C1A6C5A00746E0F /* MainViewModel.swift */; };
		E5C8187C2C1A5CDD001EF4E9 /* AppDelegate.swift in Sources */ = {isa = PBXBuildFile; fileRef = E5C8187B2C1A5CDD001EF4E9 /* AppDelegate.swift */; };
		E5C818852C1A5CDE001EF4E9 /* Assets.xcassets in Resources */ = {isa = PBXBuildFile; fileRef = E5C818842C1A5CDE001EF4E9 /* Assets.xcassets */; };
		E5C818882C1A5CDE001EF4E9 /* Base in Resources */ = {isa = PBXBuildFile; fileRef = E5C818872C1A5CDE001EF4E9 /* Base */; };
		E5F995912C1AFF8600DC308A /* LoginViewController.xib in Resources */ = {isa = PBXBuildFile; fileRef = E5F995902C1AFF8600DC308A /* LoginViewController.xib */; };
		E5F995922C1AFF8600DC308A /* LoginCoordinator.swift in Sources */ = {isa = PBXBuildFile; fileRef = E5F9958B2C1AFF8600DC308A /* LoginCoordinator.swift */; };
		E5F995932C1AFF8600DC308A /* LoginViewController.swift in Sources */ = {isa = PBXBuildFile; fileRef = E5F9958C2C1AFF8600DC308A /* LoginViewController.swift */; };
		E5F995942C1AFF8600DC308A /* LoginRepository.swift in Sources */ = {isa = PBXBuildFile; fileRef = E5F9958D2C1AFF8600DC308A /* LoginRepository.swift */; };
		E5F995952C1AFF8600DC308A /* LoginBuilder.swift in Sources */ = {isa = PBXBuildFile; fileRef = E5F9958E2C1AFF8600DC308A /* LoginBuilder.swift */; };
		E5F995962C1AFF8600DC308A /* LoginViewModel.swift in Sources */ = {isa = PBXBuildFile; fileRef = E5F9958F2C1AFF8600DC308A /* LoginViewModel.swift */; };
		E5F9959E2C1B026500DC308A /* LoginModel.swift in Sources */ = {isa = PBXBuildFile; fileRef = E5F9959D2C1B026500DC308A /* LoginModel.swift */; };
		E5F995A12C1B033000DC308A /* NetworkManager.swift in Sources */ = {isa = PBXBuildFile; fileRef = E5F995A02C1B033000DC308A /* NetworkManager.swift */; };
		E5F995A32C1B0E9900DC308A /* ProductsModel.swift in Sources */ = {isa = PBXBuildFile; fileRef = E5F995A22C1B0E9900DC308A /* ProductsModel.swift */; };
		E5F995A82C1B11B100DC308A /* ProductListCollectionViewCell.xib in Resources */ = {isa = PBXBuildFile; fileRef = E5F995A72C1B11B100DC308A /* ProductListCollectionViewCell.xib */; };
		E5F995A92C1B11B100DC308A /* ProductListCollectionViewCell.swift in Sources */ = {isa = PBXBuildFile; fileRef = E5F995A62C1B11B100DC308A /* ProductListCollectionViewCell.swift */; };
		E5F995AC2C1B14B500DC308A /* ProductListCollectionViewDelegate.swift in Sources */ = {isa = PBXBuildFile; fileRef = E5F995AB2C1B14B500DC308A /* ProductListCollectionViewDelegate.swift */; };
		E5F995AE2C1B14C300DC308A /* ProductListCollectionViewDataSource.swift in Sources */ = {isa = PBXBuildFile; fileRef = E5F995AD2C1B14C300DC308A /* ProductListCollectionViewDataSource.swift */; };
		E5F995B02C1B18A300DC308A /* ProductListCollectionViewSizeCalculator.swift in Sources */ = {isa = PBXBuildFile; fileRef = E5F995AF2C1B18A300DC308A /* ProductListCollectionViewSizeCalculator.swift */; };
		E5F995B82C1B2D0A00DC308A /* ProductDetailViewController.xib in Resources */ = {isa = PBXBuildFile; fileRef = E5F995B72C1B2D0A00DC308A /* ProductDetailViewController.xib */; };
		E5F995B92C1B2D0A00DC308A /* ProductDetailCoordinator.swift in Sources */ = {isa = PBXBuildFile; fileRef = E5F995B22C1B2D0A00DC308A /* ProductDetailCoordinator.swift */; };
		E5F995BA2C1B2D0A00DC308A /* ProductDetailViewController.swift in Sources */ = {isa = PBXBuildFile; fileRef = E5F995B32C1B2D0A00DC308A /* ProductDetailViewController.swift */; };
		E5F995BB2C1B2D0A00DC308A /* ProductDetailRepository.swift in Sources */ = {isa = PBXBuildFile; fileRef = E5F995B42C1B2D0A00DC308A /* ProductDetailRepository.swift */; };
		E5F995BC2C1B2D0A00DC308A /* ProductDetailBuilder.swift in Sources */ = {isa = PBXBuildFile; fileRef = E5F995B52C1B2D0A00DC308A /* ProductDetailBuilder.swift */; };
		E5F995BD2C1B2D0A00DC308A /* ProductDetailViewModel.swift in Sources */ = {isa = PBXBuildFile; fileRef = E5F995B62C1B2D0A00DC308A /* ProductDetailViewModel.swift */; };
/* End PBXBuildFile section */

/* Begin PBXFileReference section */
		E5667A0F2C1A67AD00746E0F /* AppCoordinator.swift */ = {isa = PBXFileReference; fileEncoding = 4; lastKnownFileType = sourcecode.swift; path = AppCoordinator.swift; sourceTree = "<group>"; };
		E5667A102C1A67AD00746E0F /* Coordinator.swift */ = {isa = PBXFileReference; fileEncoding = 4; lastKnownFileType = sourcecode.swift; path = Coordinator.swift; sourceTree = "<group>"; };
		E5667A112C1A67AD00746E0F /* MainTabbarController.swift */ = {isa = PBXFileReference; fileEncoding = 4; lastKnownFileType = sourcecode.swift; path = MainTabbarController.swift; sourceTree = "<group>"; };
		E5667A122C1A67AD00746E0F /* MainTabbarCoordinator.swift */ = {isa = PBXFileReference; fileEncoding = 4; lastKnownFileType = sourcecode.swift; path = MainTabbarCoordinator.swift; sourceTree = "<group>"; };
		E5667A1A2C1A681F00746E0F /* Utils.swift */ = {isa = PBXFileReference; lastKnownFileType = sourcecode.swift; path = Utils.swift; sourceTree = "<group>"; };
		E5667A1C2C1A684400746E0F /* Logger.swift */ = {isa = PBXFileReference; lastKnownFileType = sourcecode.swift; path = Logger.swift; sourceTree = "<group>"; };
		E5667A1F2C1A688000746E0F /* UINavigationController+Extensions.swift */ = {isa = PBXFileReference; lastKnownFileType = sourcecode.swift; path = "UINavigationController+Extensions.swift"; sourceTree = "<group>"; };
		E5667A212C1A68A700746E0F /* UIViewController+Extensions.swift */ = {isa = PBXFileReference; lastKnownFileType = sourcecode.swift; path = "UIViewController+Extensions.swift"; sourceTree = "<group>"; };
		E5667A242C1A6A7D00746E0F /* SplashCoordinator.swift */ = {isa = PBXFileReference; lastKnownFileType = sourcecode.swift; path = SplashCoordinator.swift; sourceTree = "<group>"; };
		E5667A252C1A6A7D00746E0F /* SplashViewController.swift */ = {isa = PBXFileReference; lastKnownFileType = sourcecode.swift; path = SplashViewController.swift; sourceTree = "<group>"; };
		E5667A262C1A6A7D00746E0F /* SplashRepository.swift */ = {isa = PBXFileReference; lastKnownFileType = sourcecode.swift; path = SplashRepository.swift; sourceTree = "<group>"; };
		E5667A272C1A6A7D00746E0F /* SplashBuilder.swift */ = {isa = PBXFileReference; lastKnownFileType = sourcecode.swift; path = SplashBuilder.swift; sourceTree = "<group>"; };
		E5667A282C1A6A7D00746E0F /* SplashViewModel.swift */ = {isa = PBXFileReference; lastKnownFileType = sourcecode.swift; path = SplashViewModel.swift; sourceTree = "<group>"; };
		E5667A292C1A6A7D00746E0F /* SplashViewController.xib */ = {isa = PBXFileReference; lastKnownFileType = file.xib; path = SplashViewController.xib; sourceTree = "<group>"; };
		E5667A322C1A6B6700746E0F /* MVVM.xctemplate.zip */ = {isa = PBXFileReference; lastKnownFileType = archive.zip; name = MVVM.xctemplate.zip; path = "Library/Xcode/Templates/File Templates/Templates/MVVM.xctemplate.zip"; sourceTree = DEVELOPER_DIR; };
		E5667A332C1A6BB400746E0F /* MVVMTemplateReadme.md */ = {isa = PBXFileReference; fileEncoding = 4; lastKnownFileType = net.daringfireball.markdown; path = MVVMTemplateReadme.md; sourceTree = "<group>"; };
		E5667A3B2C1A6C5A00746E0F /* MainCoordinator.swift */ = {isa = PBXFileReference; lastKnownFileType = sourcecode.swift; path = MainCoordinator.swift; sourceTree = "<group>"; };
		E5667A3C2C1A6C5A00746E0F /* MainViewController.swift */ = {isa = PBXFileReference; lastKnownFileType = sourcecode.swift; path = MainViewController.swift; sourceTree = "<group>"; };
		E5667A3D2C1A6C5A00746E0F /* MainRepository.swift */ = {isa = PBXFileReference; lastKnownFileType = sourcecode.swift; path = MainRepository.swift; sourceTree = "<group>"; };
		E5667A3E2C1A6C5A00746E0F /* MainBuilder.swift */ = {isa = PBXFileReference; lastKnownFileType = sourcecode.swift; path = MainBuilder.swift; sourceTree = "<group>"; };
		E5667A3F2C1A6C5A00746E0F /* MainViewModel.swift */ = {isa = PBXFileReference; lastKnownFileType = sourcecode.swift; path = MainViewModel.swift; sourceTree = "<group>"; };
		E5667A402C1A6C5A00746E0F /* MainViewController.xib */ = {isa = PBXFileReference; lastKnownFileType = file.xib; path = MainViewController.xib; sourceTree = "<group>"; };
		E5C818782C1A5CDD001EF4E9 /* E-CommerceApp.app */ = {isa = PBXFileReference; explicitFileType = wrapper.application; includeInIndex = 0; path = "E-CommerceApp.app"; sourceTree = BUILT_PRODUCTS_DIR; };
		E5C8187B2C1A5CDD001EF4E9 /* AppDelegate.swift */ = {isa = PBXFileReference; lastKnownFileType = sourcecode.swift; path = AppDelegate.swift; sourceTree = "<group>"; };
		E5C818842C1A5CDE001EF4E9 /* Assets.xcassets */ = {isa = PBXFileReference; lastKnownFileType = folder.assetcatalog; path = Assets.xcassets; sourceTree = "<group>"; };
		E5C818872C1A5CDE001EF4E9 /* Base */ = {isa = PBXFileReference; lastKnownFileType = file.storyboard; name = Base; path = Base.lproj/LaunchScreen.storyboard; sourceTree = "<group>"; };
		E5C818892C1A5CDE001EF4E9 /* Info.plist */ = {isa = PBXFileReference; lastKnownFileType = text.plist.xml; path = Info.plist; sourceTree = "<group>"; };
		E5F9958B2C1AFF8600DC308A /* LoginCoordinator.swift */ = {isa = PBXFileReference; lastKnownFileType = sourcecode.swift; path = LoginCoordinator.swift; sourceTree = "<group>"; };
		E5F9958C2C1AFF8600DC308A /* LoginViewController.swift */ = {isa = PBXFileReference; lastKnownFileType = sourcecode.swift; path = LoginViewController.swift; sourceTree = "<group>"; };
		E5F9958D2C1AFF8600DC308A /* LoginRepository.swift */ = {isa = PBXFileReference; lastKnownFileType = sourcecode.swift; path = LoginRepository.swift; sourceTree = "<group>"; };
		E5F9958E2C1AFF8600DC308A /* LoginBuilder.swift */ = {isa = PBXFileReference; lastKnownFileType = sourcecode.swift; path = LoginBuilder.swift; sourceTree = "<group>"; };
		E5F9958F2C1AFF8600DC308A /* LoginViewModel.swift */ = {isa = PBXFileReference; lastKnownFileType = sourcecode.swift; path = LoginViewModel.swift; sourceTree = "<group>"; };
		E5F995902C1AFF8600DC308A /* LoginViewController.xib */ = {isa = PBXFileReference; lastKnownFileType = file.xib; path = LoginViewController.xib; sourceTree = "<group>"; };
		E5F9959D2C1B026500DC308A /* LoginModel.swift */ = {isa = PBXFileReference; lastKnownFileType = sourcecode.swift; path = LoginModel.swift; sourceTree = "<group>"; };
		E5F995A02C1B033000DC308A /* NetworkManager.swift */ = {isa = PBXFileReference; lastKnownFileType = sourcecode.swift; path = NetworkManager.swift; sourceTree = "<group>"; };
		E5F995A22C1B0E9900DC308A /* ProductsModel.swift */ = {isa = PBXFileReference; lastKnownFileType = sourcecode.swift; path = ProductsModel.swift; sourceTree = "<group>"; };
		E5F995A62C1B11B100DC308A /* ProductListCollectionViewCell.swift */ = {isa = PBXFileReference; lastKnownFileType = sourcecode.swift; path = ProductListCollectionViewCell.swift; sourceTree = "<group>"; };
		E5F995A72C1B11B100DC308A /* ProductListCollectionViewCell.xib */ = {isa = PBXFileReference; lastKnownFileType = file.xib; path = ProductListCollectionViewCell.xib; sourceTree = "<group>"; };
		E5F995AB2C1B14B500DC308A /* ProductListCollectionViewDelegate.swift */ = {isa = PBXFileReference; lastKnownFileType = sourcecode.swift; path = ProductListCollectionViewDelegate.swift; sourceTree = "<group>"; };
		E5F995AD2C1B14C300DC308A /* ProductListCollectionViewDataSource.swift */ = {isa = PBXFileReference; lastKnownFileType = sourcecode.swift; path = ProductListCollectionViewDataSource.swift; sourceTree = "<group>"; };
		E5F995AF2C1B18A300DC308A /* ProductListCollectionViewSizeCalculator.swift */ = {isa = PBXFileReference; lastKnownFileType = sourcecode.swift; path = ProductListCollectionViewSizeCalculator.swift; sourceTree = "<group>"; };
		E5F995B22C1B2D0A00DC308A /* ProductDetailCoordinator.swift */ = {isa = PBXFileReference; lastKnownFileType = sourcecode.swift; path = ProductDetailCoordinator.swift; sourceTree = "<group>"; };
		E5F995B32C1B2D0A00DC308A /* ProductDetailViewController.swift */ = {isa = PBXFileReference; lastKnownFileType = sourcecode.swift; path = ProductDetailViewController.swift; sourceTree = "<group>"; };
		E5F995B42C1B2D0A00DC308A /* ProductDetailRepository.swift */ = {isa = PBXFileReference; lastKnownFileType = sourcecode.swift; path = ProductDetailRepository.swift; sourceTree = "<group>"; };
		E5F995B52C1B2D0A00DC308A /* ProductDetailBuilder.swift */ = {isa = PBXFileReference; lastKnownFileType = sourcecode.swift; path = ProductDetailBuilder.swift; sourceTree = "<group>"; };
		E5F995B62C1B2D0A00DC308A /* ProductDetailViewModel.swift */ = {isa = PBXFileReference; lastKnownFileType = sourcecode.swift; path = ProductDetailViewModel.swift; sourceTree = "<group>"; };
		E5F995B72C1B2D0A00DC308A /* ProductDetailViewController.xib */ = {isa = PBXFileReference; lastKnownFileType = file.xib; path = ProductDetailViewController.xib; sourceTree = "<group>"; };
/* End PBXFileReference section */

/* Begin PBXFrameworksBuildPhase section */
		E5C818752C1A5CDD001EF4E9 /* Frameworks */ = {
			isa = PBXFrameworksBuildPhase;
			buildActionMask = 2147483647;
			files = (
				E532C9E02C1A614A00B25DC0 /* Kingfisher in Frameworks */,
				E532C9DB2C1A611100B25DC0 /* Alamofire in Frameworks */,
				E532C9DD2C1A611100B25DC0 /* AlamofireDynamic in Frameworks */,
			);
			runOnlyForDeploymentPostprocessing = 0;
		};
/* End PBXFrameworksBuildPhase section */

/* Begin PBXGroup section */
		E532C9EA2C1A66E500B25DC0 /* SplashScreen */ = {
			isa = PBXGroup;
			children = (
				E5667A392C1A6C0600746E0F /* Builder */,
				E5667A382C1A6BFF00746E0F /* Repository */,
				E5667A372C1A6BF900746E0F /* ViewModel */,
				E5667A362C1A6BF600746E0F /* View */,
				E5667A352C1A6BEE00746E0F /* Coordinator */,
			);
			path = SplashScreen;
			sourceTree = "<group>";
		};
		E5667A132C1A67AD00746E0F /* Coordinator */ = {
			isa = PBXGroup;
			children = (
				E5667A0F2C1A67AD00746E0F /* AppCoordinator.swift */,
				E5667A102C1A67AD00746E0F /* Coordinator.swift */,
				E5667A112C1A67AD00746E0F /* MainTabbarController.swift */,
				E5667A122C1A67AD00746E0F /* MainTabbarCoordinator.swift */,
			);
			path = Coordinator;
			sourceTree = "<group>";
		};
		E5667A182C1A67B000746E0F /* App */ = {
			isa = PBXGroup;
			children = (
				E5667A1E2C1A685E00746E0F /* Extensions */,
				E5667A192C1A681200746E0F /* Utils */,
				E5667A132C1A67AD00746E0F /* Coordinator */,
			);
			path = App;
			sourceTree = "<group>";
		};
		E5667A192C1A681200746E0F /* Utils */ = {
			isa = PBXGroup;
			children = (
				E5667A1A2C1A681F00746E0F /* Utils.swift */,
				E5667A1C2C1A684400746E0F /* Logger.swift */,
			);
			path = Utils;
			sourceTree = "<group>";
		};
		E5667A1E2C1A685E00746E0F /* Extensions */ = {
			isa = PBXGroup;
			children = (
				E5667A1F2C1A688000746E0F /* UINavigationController+Extensions.swift */,
				E5667A212C1A68A700746E0F /* UIViewController+Extensions.swift */,
			);
			path = Extensions;
			sourceTree = "<group>";
		};
		E5667A232C1A69E500746E0F /* Modules */ = {
			isa = PBXGroup;
			children = (
				E532C9EA2C1A66E500B25DC0 /* SplashScreen */,
				E5F9958A2C1AFF7900DC308A /* Login */,
				E5667A3A2C1A6C4900746E0F /* MainScreen */,
				E5F995B12C1B2CF900DC308A /* ProductDetail */,
			);
			path = Modules;
			sourceTree = "<group>";
		};
		E5667A302C1A6AE100746E0F /* SupportingFiles */ = {
			isa = PBXGroup;
			children = (
				E5C8187B2C1A5CDD001EF4E9 /* AppDelegate.swift */,
				E5C818842C1A5CDE001EF4E9 /* Assets.xcassets */,
				E5C818862C1A5CDE001EF4E9 /* LaunchScreen.storyboard */,
				E5C818892C1A5CDE001EF4E9 /* Info.plist */,
			);
			path = SupportingFiles;
			sourceTree = "<group>";
		};
		E5667A312C1A6B4200746E0F /* Template */ = {
			isa = PBXGroup;
			children = (
				E5667A322C1A6B6700746E0F /* MVVM.xctemplate.zip */,
				E5667A332C1A6BB400746E0F /* MVVMTemplateReadme.md */,
			);
			path = Template;
			sourceTree = "<group>";
		};
		E5667A352C1A6BEE00746E0F /* Coordinator */ = {
			isa = PBXGroup;
			children = (
				E5667A242C1A6A7D00746E0F /* SplashCoordinator.swift */,
			);
			path = Coordinator;
			sourceTree = "<group>";
		};
		E5667A362C1A6BF600746E0F /* View */ = {
			isa = PBXGroup;
			children = (
				E5667A252C1A6A7D00746E0F /* SplashViewController.swift */,
				E5667A292C1A6A7D00746E0F /* SplashViewController.xib */,
			);
			path = View;
			sourceTree = "<group>";
		};
		E5667A372C1A6BF900746E0F /* ViewModel */ = {
			isa = PBXGroup;
			children = (
				E5667A282C1A6A7D00746E0F /* SplashViewModel.swift */,
			);
			path = ViewModel;
			sourceTree = "<group>";
		};
		E5667A382C1A6BFF00746E0F /* Repository */ = {
			isa = PBXGroup;
			children = (
				E5667A262C1A6A7D00746E0F /* SplashRepository.swift */,
			);
			path = Repository;
			sourceTree = "<group>";
		};
		E5667A392C1A6C0600746E0F /* Builder */ = {
			isa = PBXGroup;
			children = (
				E5667A272C1A6A7D00746E0F /* SplashBuilder.swift */,
			);
			path = Builder;
			sourceTree = "<group>";
		};
		E5667A3A2C1A6C4900746E0F /* MainScreen */ = {
			isa = PBXGroup;
			children = (
				E5F995A42C1B0E9E00DC308A /* Models */,
				E5667A4B2C1A6C7800746E0F /* Builder */,
				E5667A4A2C1A6C6F00746E0F /* Repository */,
				E5667A492C1A6C6900746E0F /* ViewModel */,
				E5667A482C1A6C6500746E0F /* View */,
				E5667A472C1A6C5F00746E0F /* Coordinator */,
			);
			path = MainScreen;
			sourceTree = "<group>";
		};
		E5667A472C1A6C5F00746E0F /* Coordinator */ = {
			isa = PBXGroup;
			children = (
				E5667A3B2C1A6C5A00746E0F /* MainCoordinator.swift */,
			);
			path = Coordinator;
			sourceTree = "<group>";
		};
		E5667A482C1A6C6500746E0F /* View */ = {
			isa = PBXGroup;
			children = (
				E5F995AA2C1B149600DC308A /* Delegates&DataSouces */,
				E5F995A52C1B119800DC308A /* Cells */,
				E5667A402C1A6C5A00746E0F /* MainViewController.xib */,
				E5667A3C2C1A6C5A00746E0F /* MainViewController.swift */,
			);
			path = View;
			sourceTree = "<group>";
		};
		E5667A492C1A6C6900746E0F /* ViewModel */ = {
			isa = PBXGroup;
			children = (
				E5667A3F2C1A6C5A00746E0F /* MainViewModel.swift */,
			);
			path = ViewModel;
			sourceTree = "<group>";
		};
		E5667A4A2C1A6C6F00746E0F /* Repository */ = {
			isa = PBXGroup;
			children = (
				E5667A3D2C1A6C5A00746E0F /* MainRepository.swift */,
			);
			path = Repository;
			sourceTree = "<group>";
		};
		E5667A4B2C1A6C7800746E0F /* Builder */ = {
			isa = PBXGroup;
			children = (
				E5667A3E2C1A6C5A00746E0F /* MainBuilder.swift */,
			);
			path = Builder;
			sourceTree = "<group>";
		};
		E5C8186F2C1A5CDD001EF4E9 = {
			isa = PBXGroup;
			children = (
				E5C8187A2C1A5CDD001EF4E9 /* E-CommerceApp */,
				E5C818792C1A5CDD001EF4E9 /* Products */,
			);
			sourceTree = "<group>";
		};
		E5C818792C1A5CDD001EF4E9 /* Products */ = {
			isa = PBXGroup;
			children = (
				E5C818782C1A5CDD001EF4E9 /* E-CommerceApp.app */,
			);
			name = Products;
			sourceTree = "<group>";
		};
		E5C8187A2C1A5CDD001EF4E9 /* E-CommerceApp */ = {
			isa = PBXGroup;
			children = (
				E5F9959F2C1B031C00DC308A /* NetworkManager */,
				E5667A312C1A6B4200746E0F /* Template */,
				E5667A182C1A67B000746E0F /* App */,
				E5667A232C1A69E500746E0F /* Modules */,
				E5667A302C1A6AE100746E0F /* SupportingFiles */,
			);
			path = "E-CommerceApp";
			sourceTree = "<group>";
		};
		E5F9958A2C1AFF7900DC308A /* Login */ = {
			isa = PBXGroup;
			children = (
				E5F9959C2C1B025A00DC308A /* Model */,
				E5F9959B2C1AFFB200DC308A /* Builder */,
				E5F9959A2C1AFFAA00DC308A /* Repository */,
				E5F995992C1AFFA500DC308A /* ViewModel */,
				E5F995982C1AFF9500DC308A /* View */,
				E5F995972C1AFF8E00DC308A /* Coordinator */,
			);
			path = Login;
			sourceTree = "<group>";
		};
		E5F995972C1AFF8E00DC308A /* Coordinator */ = {
			isa = PBXGroup;
			children = (
				E5F9958B2C1AFF8600DC308A /* LoginCoordinator.swift */,
			);
			path = Coordinator;
			sourceTree = "<group>";
		};
		E5F995982C1AFF9500DC308A /* View */ = {
			isa = PBXGroup;
			children = (
				E5F995902C1AFF8600DC308A /* LoginViewController.xib */,
				E5F9958C2C1AFF8600DC308A /* LoginViewController.swift */,
			);
			path = View;
			sourceTree = "<group>";
		};
		E5F995992C1AFFA500DC308A /* ViewModel */ = {
			isa = PBXGroup;
			children = (
				E5F9958F2C1AFF8600DC308A /* LoginViewModel.swift */,
			);
			path = ViewModel;
			sourceTree = "<group>";
		};
		E5F9959A2C1AFFAA00DC308A /* Repository */ = {
			isa = PBXGroup;
			children = (
				E5F9958D2C1AFF8600DC308A /* LoginRepository.swift */,
			);
			path = Repository;
			sourceTree = "<group>";
		};
		E5F9959B2C1AFFB200DC308A /* Builder */ = {
			isa = PBXGroup;
			children = (
				E5F9958E2C1AFF8600DC308A /* LoginBuilder.swift */,
			);
			path = Builder;
			sourceTree = "<group>";
		};
		E5F9959C2C1B025A00DC308A /* Model */ = {
			isa = PBXGroup;
			children = (
				E5F9959D2C1B026500DC308A /* LoginModel.swift */,
			);
			path = Model;
			sourceTree = "<group>";
		};
		E5F9959F2C1B031C00DC308A /* NetworkManager */ = {
			isa = PBXGroup;
			children = (
				E5F995A02C1B033000DC308A /* NetworkManager.swift */,
			);
			path = NetworkManager;
			sourceTree = "<group>";
		};
		E5F995A42C1B0E9E00DC308A /* Models */ = {
			isa = PBXGroup;
			children = (
				E5F995A22C1B0E9900DC308A /* ProductsModel.swift */,
			);
			path = Models;
			sourceTree = "<group>";
		};
		E5F995A52C1B119800DC308A /* Cells */ = {
			isa = PBXGroup;
			children = (
				E5F995A62C1B11B100DC308A /* ProductListCollectionViewCell.swift */,
				E5F995A72C1B11B100DC308A /* ProductListCollectionViewCell.xib */,
			);
			path = Cells;
			sourceTree = "<group>";
		};
		E5F995AA2C1B149600DC308A /* Delegates&DataSouces */ = {
			isa = PBXGroup;
			children = (
				E5F995AB2C1B14B500DC308A /* ProductListCollectionViewDelegate.swift */,
				E5F995AD2C1B14C300DC308A /* ProductListCollectionViewDataSource.swift */,
				E5F995AF2C1B18A300DC308A /* ProductListCollectionViewSizeCalculator.swift */,
			);
			path = "Delegates&DataSouces";
			sourceTree = "<group>";
		};
		E5F995B12C1B2CF900DC308A /* ProductDetail */ = {
			isa = PBXGroup;
			children = (
				E5F995C32C1B2D3000DC308A /* Builder */,
				E5F995C12C1B2D1F00DC308A /* Repository */,
				E5F995C02C1B2D1A00DC308A /* ViewModel */,
				E5F995BF2C1B2D1700DC308A /* View */,
				E5F995BE2C1B2D1100DC308A /* Coordinator */,
			);
			path = ProductDetail;
			sourceTree = "<group>";
		};
		E5F995BE2C1B2D1100DC308A /* Coordinator */ = {
			isa = PBXGroup;
			children = (
				E5F995B22C1B2D0A00DC308A /* ProductDetailCoordinator.swift */,
			);
			path = Coordinator;
			sourceTree = "<group>";
		};
		E5F995BF2C1B2D1700DC308A /* View */ = {
			isa = PBXGroup;
			children = (
				E5F995B32C1B2D0A00DC308A /* ProductDetailViewController.swift */,
				E5F995B72C1B2D0A00DC308A /* ProductDetailViewController.xib */,
			);
			path = View;
			sourceTree = "<group>";
		};
		E5F995C02C1B2D1A00DC308A /* ViewModel */ = {
			isa = PBXGroup;
			children = (
				E5F995B62C1B2D0A00DC308A /* ProductDetailViewModel.swift */,
			);
			path = ViewModel;
			sourceTree = "<group>";
		};
		E5F995C12C1B2D1F00DC308A /* Repository */ = {
			isa = PBXGroup;
			children = (
				E5F995B42C1B2D0A00DC308A /* ProductDetailRepository.swift */,
			);
			path = Repository;
			sourceTree = "<group>";
		};
		E5F995C32C1B2D3000DC308A /* Builder */ = {
			isa = PBXGroup;
			children = (
				E5F995B52C1B2D0A00DC308A /* ProductDetailBuilder.swift */,
			);
			path = Builder;
			sourceTree = "<group>";
		};
/* End PBXGroup section */

/* Begin PBXNativeTarget section */
		E5C818772C1A5CDD001EF4E9 /* E-CommerceApp */ = {
			isa = PBXNativeTarget;
			buildConfigurationList = E5C8188C2C1A5CDE001EF4E9 /* Build configuration list for PBXNativeTarget "E-CommerceApp" */;
			buildPhases = (
				E5C818742C1A5CDD001EF4E9 /* Sources */,
				E5C818752C1A5CDD001EF4E9 /* Frameworks */,
				E5C818762C1A5CDD001EF4E9 /* Resources */,
			);
			buildRules = (
			);
			dependencies = (
			);
			name = "E-CommerceApp";
			packageProductDependencies = (
				E532C9DA2C1A611100B25DC0 /* Alamofire */,
				E532C9DC2C1A611100B25DC0 /* AlamofireDynamic */,
				E532C9DF2C1A614A00B25DC0 /* Kingfisher */,
			);
			productName = "E-CommerceApp";
			productReference = E5C818782C1A5CDD001EF4E9 /* E-CommerceApp.app */;
			productType = "com.apple.product-type.application";
		};
/* End PBXNativeTarget section */

/* Begin PBXProject section */
		E5C818702C1A5CDD001EF4E9 /* Project object */ = {
			isa = PBXProject;
			attributes = {
				BuildIndependentTargetsInParallel = 1;
				LastSwiftUpdateCheck = 1530;
				LastUpgradeCheck = 1530;
				TargetAttributes = {
					E5C818772C1A5CDD001EF4E9 = {
						CreatedOnToolsVersion = 15.3;
					};
				};
			};
			buildConfigurationList = E5C818732C1A5CDD001EF4E9 /* Build configuration list for PBXProject "E-CommerceApp" */;
			compatibilityVersion = "Xcode 14.0";
			developmentRegion = en;
			hasScannedForEncodings = 0;
			knownRegions = (
				en,
				Base,
			);
			mainGroup = E5C8186F2C1A5CDD001EF4E9;
			packageReferences = (
				E532C9D92C1A611100B25DC0 /* XCRemoteSwiftPackageReference "Alamofire" */,
				E532C9DE2C1A614A00B25DC0 /* XCRemoteSwiftPackageReference "Kingfisher" */,
			);
			productRefGroup = E5C818792C1A5CDD001EF4E9 /* Products */;
			projectDirPath = "";
			projectRoot = "";
			targets = (
				E5C818772C1A5CDD001EF4E9 /* E-CommerceApp */,
			);
		};
/* End PBXProject section */

/* Begin PBXResourcesBuildPhase section */
		E5C818762C1A5CDD001EF4E9 /* Resources */ = {
			isa = PBXResourcesBuildPhase;
			buildActionMask = 2147483647;
			files = (
				E5667A342C1A6BB400746E0F /* MVVMTemplateReadme.md in Resources */,
				E5C818852C1A5CDE001EF4E9 /* Assets.xcassets in Resources */,
				E5F995A82C1B11B100DC308A /* ProductListCollectionViewCell.xib in Resources */,
				E5F995B82C1B2D0A00DC308A /* ProductDetailViewController.xib in Resources */,
				E5F995912C1AFF8600DC308A /* LoginViewController.xib in Resources */,
				E5667A412C1A6C5A00746E0F /* MainViewController.xib in Resources */,
				E5667A2A2C1A6A7D00746E0F /* SplashViewController.xib in Resources */,
				E5C818882C1A5CDE001EF4E9 /* Base in Resources */,
			);
			runOnlyForDeploymentPostprocessing = 0;
		};
/* End PBXResourcesBuildPhase section */

/* Begin PBXSourcesBuildPhase section */
		E5C818742C1A5CDD001EF4E9 /* Sources */ = {
			isa = PBXSourcesBuildPhase;
			buildActionMask = 2147483647;
			files = (
				E5667A172C1A67AD00746E0F /* MainTabbarCoordinator.swift in Sources */,
				E5F995A32C1B0E9900DC308A /* ProductsModel.swift in Sources */,
				E5667A162C1A67AD00746E0F /* MainTabbarController.swift in Sources */,
				E5667A142C1A67AD00746E0F /* AppCoordinator.swift in Sources */,
				E5667A222C1A68A700746E0F /* UIViewController+Extensions.swift in Sources */,
				E5F995AE2C1B14C300DC308A /* ProductListCollectionViewDataSource.swift in Sources */,
				E5667A1D2C1A684400746E0F /* Logger.swift in Sources */,
				E5667A422C1A6C5A00746E0F /* MainCoordinator.swift in Sources */,
				E5667A432C1A6C5A00746E0F /* MainViewController.swift in Sources */,
				E5667A442C1A6C5A00746E0F /* MainRepository.swift in Sources */,
				E5667A452C1A6C5A00746E0F /* MainBuilder.swift in Sources */,
				E5667A462C1A6C5A00746E0F /* MainViewModel.swift in Sources */,
				E5F9959E2C1B026500DC308A /* LoginModel.swift in Sources */,
				E5F995B02C1B18A300DC308A /* ProductListCollectionViewSizeCalculator.swift in Sources */,
				E5C8187C2C1A5CDD001EF4E9 /* AppDelegate.swift in Sources */,
				E5667A2B2C1A6A7D00746E0F /* SplashCoordinator.swift in Sources */,
				E5F995AC2C1B14B500DC308A /* ProductListCollectionViewDelegate.swift in Sources */,
				E5F995B92C1B2D0A00DC308A /* ProductDetailCoordinator.swift in Sources */,
				E5F995BA2C1B2D0A00DC308A /* ProductDetailViewController.swift in Sources */,
				E5F995BB2C1B2D0A00DC308A /* ProductDetailRepository.swift in Sources */,
				E5F995BC2C1B2D0A00DC308A /* ProductDetailBuilder.swift in Sources */,
				E5F995BD2C1B2D0A00DC308A /* ProductDetailViewModel.swift in Sources */,
				E5F995922C1AFF8600DC308A /* LoginCoordinator.swift in Sources */,
				E5F995932C1AFF8600DC308A /* LoginViewController.swift in Sources */,
				E5F995942C1AFF8600DC308A /* LoginRepository.swift in Sources */,
				E5F995A12C1B033000DC308A /* NetworkManager.swift in Sources */,
				E5F995952C1AFF8600DC308A /* LoginBuilder.swift in Sources */,
				E5F995962C1AFF8600DC308A /* LoginViewModel.swift in Sources */,
				E5667A2C2C1A6A7D00746E0F /* SplashViewController.swift in Sources */,
				E5667A2D2C1A6A7D00746E0F /* SplashRepository.swift in Sources */,
				E5667A2E2C1A6A7D00746E0F /* SplashBuilder.swift in Sources */,
				E5667A2F2C1A6A7D00746E0F /* SplashViewModel.swift in Sources */,
				E5667A152C1A67AD00746E0F /* Coordinator.swift in Sources */,
				E5667A1B2C1A681F00746E0F /* Utils.swift in Sources */,
				E5F995A92C1B11B100DC308A /* ProductListCollectionViewCell.swift in Sources */,
				E5667A202C1A688000746E0F /* UINavigationController+Extensions.swift in Sources */,
			);
			runOnlyForDeploymentPostprocessing = 0;
		};
/* End PBXSourcesBuildPhase section */

/* Begin PBXVariantGroup section */
		E5C818862C1A5CDE001EF4E9 /* LaunchScreen.storyboard */ = {
			isa = PBXVariantGroup;
			children = (
				E5C818872C1A5CDE001EF4E9 /* Base */,
			);
			name = LaunchScreen.storyboard;
			sourceTree = "<group>";
		};
/* End PBXVariantGroup section */

/* Begin XCBuildConfiguration section */
		E5C8188A2C1A5CDE001EF4E9 /* Debug */ = {
			isa = XCBuildConfiguration;
			buildSettings = {
				ALWAYS_SEARCH_USER_PATHS = NO;
				ASSETCATALOG_COMPILER_GENERATE_SWIFT_ASSET_SYMBOL_EXTENSIONS = YES;
				CLANG_ANALYZER_NONNULL = YES;
				CLANG_ANALYZER_NUMBER_OBJECT_CONVERSION = YES_AGGRESSIVE;
				CLANG_CXX_LANGUAGE_STANDARD = "gnu++20";
				CLANG_ENABLE_MODULES = YES;
				CLANG_ENABLE_OBJC_ARC = YES;
				CLANG_ENABLE_OBJC_WEAK = YES;
				CLANG_WARN_BLOCK_CAPTURE_AUTORELEASING = YES;
				CLANG_WARN_BOOL_CONVERSION = YES;
				CLANG_WARN_COMMA = YES;
				CLANG_WARN_CONSTANT_CONVERSION = YES;
				CLANG_WARN_DEPRECATED_OBJC_IMPLEMENTATIONS = YES;
				CLANG_WARN_DIRECT_OBJC_ISA_USAGE = YES_ERROR;
				CLANG_WARN_DOCUMENTATION_COMMENTS = YES;
				CLANG_WARN_EMPTY_BODY = YES;
				CLANG_WARN_ENUM_CONVERSION = YES;
				CLANG_WARN_INFINITE_RECURSION = YES;
				CLANG_WARN_INT_CONVERSION = YES;
				CLANG_WARN_NON_LITERAL_NULL_CONVERSION = YES;
				CLANG_WARN_OBJC_IMPLICIT_RETAIN_SELF = YES;
				CLANG_WARN_OBJC_LITERAL_CONVERSION = YES;
				CLANG_WARN_OBJC_ROOT_CLASS = YES_ERROR;
				CLANG_WARN_QUOTED_INCLUDE_IN_FRAMEWORK_HEADER = YES;
				CLANG_WARN_RANGE_LOOP_ANALYSIS = YES;
				CLANG_WARN_STRICT_PROTOTYPES = YES;
				CLANG_WARN_SUSPICIOUS_MOVE = YES;
				CLANG_WARN_UNGUARDED_AVAILABILITY = YES_AGGRESSIVE;
				CLANG_WARN_UNREACHABLE_CODE = YES;
				CLANG_WARN__DUPLICATE_METHOD_MATCH = YES;
				COPY_PHASE_STRIP = NO;
				DEBUG_INFORMATION_FORMAT = dwarf;
				ENABLE_STRICT_OBJC_MSGSEND = YES;
				ENABLE_TESTABILITY = YES;
				ENABLE_USER_SCRIPT_SANDBOXING = YES;
				GCC_C_LANGUAGE_STANDARD = gnu17;
				GCC_DYNAMIC_NO_PIC = NO;
				GCC_NO_COMMON_BLOCKS = YES;
				GCC_OPTIMIZATION_LEVEL = 0;
				GCC_PREPROCESSOR_DEFINITIONS = (
					"DEBUG=1",
					"$(inherited)",
				);
				GCC_WARN_64_TO_32_BIT_CONVERSION = YES;
				GCC_WARN_ABOUT_RETURN_TYPE = YES_ERROR;
				GCC_WARN_UNDECLARED_SELECTOR = YES;
				GCC_WARN_UNINITIALIZED_AUTOS = YES_AGGRESSIVE;
				GCC_WARN_UNUSED_FUNCTION = YES;
				GCC_WARN_UNUSED_VARIABLE = YES;
				IPHONEOS_DEPLOYMENT_TARGET = 17.4;
				LOCALIZATION_PREFERS_STRING_CATALOGS = YES;
				MTL_ENABLE_DEBUG_INFO = INCLUDE_SOURCE;
				MTL_FAST_MATH = YES;
				ONLY_ACTIVE_ARCH = YES;
				SDKROOT = iphoneos;
				SWIFT_ACTIVE_COMPILATION_CONDITIONS = "DEBUG $(inherited)";
				SWIFT_OPTIMIZATION_LEVEL = "-Onone";
			};
			name = Debug;
		};
		E5C8188B2C1A5CDE001EF4E9 /* Release */ = {
			isa = XCBuildConfiguration;
			buildSettings = {
				ALWAYS_SEARCH_USER_PATHS = NO;
				ASSETCATALOG_COMPILER_GENERATE_SWIFT_ASSET_SYMBOL_EXTENSIONS = YES;
				CLANG_ANALYZER_NONNULL = YES;
				CLANG_ANALYZER_NUMBER_OBJECT_CONVERSION = YES_AGGRESSIVE;
				CLANG_CXX_LANGUAGE_STANDARD = "gnu++20";
				CLANG_ENABLE_MODULES = YES;
				CLANG_ENABLE_OBJC_ARC = YES;
				CLANG_ENABLE_OBJC_WEAK = YES;
				CLANG_WARN_BLOCK_CAPTURE_AUTORELEASING = YES;
				CLANG_WARN_BOOL_CONVERSION = YES;
				CLANG_WARN_COMMA = YES;
				CLANG_WARN_CONSTANT_CONVERSION = YES;
				CLANG_WARN_DEPRECATED_OBJC_IMPLEMENTATIONS = YES;
				CLANG_WARN_DIRECT_OBJC_ISA_USAGE = YES_ERROR;
				CLANG_WARN_DOCUMENTATION_COMMENTS = YES;
				CLANG_WARN_EMPTY_BODY = YES;
				CLANG_WARN_ENUM_CONVERSION = YES;
				CLANG_WARN_INFINITE_RECURSION = YES;
				CLANG_WARN_INT_CONVERSION = YES;
				CLANG_WARN_NON_LITERAL_NULL_CONVERSION = YES;
				CLANG_WARN_OBJC_IMPLICIT_RETAIN_SELF = YES;
				CLANG_WARN_OBJC_LITERAL_CONVERSION = YES;
				CLANG_WARN_OBJC_ROOT_CLASS = YES_ERROR;
				CLANG_WARN_QUOTED_INCLUDE_IN_FRAMEWORK_HEADER = YES;
				CLANG_WARN_RANGE_LOOP_ANALYSIS = YES;
				CLANG_WARN_STRICT_PROTOTYPES = YES;
				CLANG_WARN_SUSPICIOUS_MOVE = YES;
				CLANG_WARN_UNGUARDED_AVAILABILITY = YES_AGGRESSIVE;
				CLANG_WARN_UNREACHABLE_CODE = YES;
				CLANG_WARN__DUPLICATE_METHOD_MATCH = YES;
				COPY_PHASE_STRIP = NO;
				DEBUG_INFORMATION_FORMAT = "dwarf-with-dsym";
				ENABLE_NS_ASSERTIONS = NO;
				ENABLE_STRICT_OBJC_MSGSEND = YES;
				ENABLE_USER_SCRIPT_SANDBOXING = YES;
				GCC_C_LANGUAGE_STANDARD = gnu17;
				GCC_NO_COMMON_BLOCKS = YES;
				GCC_WARN_64_TO_32_BIT_CONVERSION = YES;
				GCC_WARN_ABOUT_RETURN_TYPE = YES_ERROR;
				GCC_WARN_UNDECLARED_SELECTOR = YES;
				GCC_WARN_UNINITIALIZED_AUTOS = YES_AGGRESSIVE;
				GCC_WARN_UNUSED_FUNCTION = YES;
				GCC_WARN_UNUSED_VARIABLE = YES;
				IPHONEOS_DEPLOYMENT_TARGET = 17.4;
				LOCALIZATION_PREFERS_STRING_CATALOGS = YES;
				MTL_ENABLE_DEBUG_INFO = NO;
				MTL_FAST_MATH = YES;
				SDKROOT = iphoneos;
				SWIFT_COMPILATION_MODE = wholemodule;
				VALIDATE_PRODUCT = YES;
			};
			name = Release;
		};
		E5C8188D2C1A5CDE001EF4E9 /* Debug */ = {
			isa = XCBuildConfiguration;
			buildSettings = {
				ASSETCATALOG_COMPILER_APPICON_NAME = AppIcon;
				ASSETCATALOG_COMPILER_GLOBAL_ACCENT_COLOR_NAME = AccentColor;
				CODE_SIGN_STYLE = Automatic;
				CURRENT_PROJECT_VERSION = 1;
				DEVELOPMENT_TEAM = 2A5XAKZYWS;
				GENERATE_INFOPLIST_FILE = YES;
				INFOPLIST_FILE = "E-CommerceApp/SupportingFiles/Info.plist";
				INFOPLIST_KEY_UIApplicationSupportsIndirectInputEvents = YES;
				INFOPLIST_KEY_UILaunchStoryboardName = LaunchScreen;
				INFOPLIST_KEY_UIMainStoryboardFile = "";
				INFOPLIST_KEY_UISupportedInterfaceOrientations_iPad = "UIInterfaceOrientationPortrait UIInterfaceOrientationPortraitUpsideDown UIInterfaceOrientationLandscapeLeft UIInterfaceOrientationLandscapeRight";
				INFOPLIST_KEY_UISupportedInterfaceOrientations_iPhone = "UIInterfaceOrientationPortrait UIInterfaceOrientationLandscapeLeft UIInterfaceOrientationLandscapeRight";
				LD_RUNPATH_SEARCH_PATHS = (
					"$(inherited)",
					"@executable_path/Frameworks",
				);
				MARKETING_VERSION = 1.0;
				PRODUCT_BUNDLE_IDENTIFIER = "com.erimsengezer.E-CommerceApp";
				PRODUCT_NAME = "$(TARGET_NAME)";
				SWIFT_EMIT_LOC_STRINGS = YES;
				SWIFT_VERSION = 5.0;
				TARGETED_DEVICE_FAMILY = "1,2";
			};
			name = Debug;
		};
		E5C8188E2C1A5CDE001EF4E9 /* Release */ = {
			isa = XCBuildConfiguration;
			buildSettings = {
				ASSETCATALOG_COMPILER_APPICON_NAME = AppIcon;
				ASSETCATALOG_COMPILER_GLOBAL_ACCENT_COLOR_NAME = AccentColor;
				CODE_SIGN_STYLE = Automatic;
				CURRENT_PROJECT_VERSION = 1;
				DEVELOPMENT_TEAM = 2A5XAKZYWS;
				GENERATE_INFOPLIST_FILE = YES;
				INFOPLIST_FILE = "E-CommerceApp/SupportingFiles/Info.plist";
				INFOPLIST_KEY_UIApplicationSupportsIndirectInputEvents = YES;
				INFOPLIST_KEY_UILaunchStoryboardName = LaunchScreen;
				INFOPLIST_KEY_UIMainStoryboardFile = "";
				INFOPLIST_KEY_UISupportedInterfaceOrientations_iPad = "UIInterfaceOrientationPortrait UIInterfaceOrientationPortraitUpsideDown UIInterfaceOrientationLandscapeLeft UIInterfaceOrientationLandscapeRight";
				INFOPLIST_KEY_UISupportedInterfaceOrientations_iPhone = "UIInterfaceOrientationPortrait UIInterfaceOrientationLandscapeLeft UIInterfaceOrientationLandscapeRight";
				LD_RUNPATH_SEARCH_PATHS = (
					"$(inherited)",
					"@executable_path/Frameworks",
				);
				MARKETING_VERSION = 1.0;
				PRODUCT_BUNDLE_IDENTIFIER = "com.erimsengezer.E-CommerceApp";
				PRODUCT_NAME = "$(TARGET_NAME)";
				SWIFT_EMIT_LOC_STRINGS = YES;
				SWIFT_VERSION = 5.0;
				TARGETED_DEVICE_FAMILY = "1,2";
			};
			name = Release;
		};
/* End XCBuildConfiguration section */

/* Begin XCConfigurationList section */
		E5C818732C1A5CDD001EF4E9 /* Build configuration list for PBXProject "E-CommerceApp" */ = {
			isa = XCConfigurationList;
			buildConfigurations = (
				E5C8188A2C1A5CDE001EF4E9 /* Debug */,
				E5C8188B2C1A5CDE001EF4E9 /* Release */,
			);
			defaultConfigurationIsVisible = 0;
			defaultConfigurationName = Release;
		};
		E5C8188C2C1A5CDE001EF4E9 /* Build configuration list for PBXNativeTarget "E-CommerceApp" */ = {
			isa = XCConfigurationList;
			buildConfigurations = (
				E5C8188D2C1A5CDE001EF4E9 /* Debug */,
				E5C8188E2C1A5CDE001EF4E9 /* Release */,
			);
			defaultConfigurationIsVisible = 0;
			defaultConfigurationName = Release;
		};
/* End XCConfigurationList section */

/* Begin XCRemoteSwiftPackageReference section */
		E532C9D92C1A611100B25DC0 /* XCRemoteSwiftPackageReference "Alamofire" */ = {
			isa = XCRemoteSwiftPackageReference;
			repositoryURL = "https://github.com/Alamofire/Alamofire.git";
			requirement = {
				kind = upToNextMajorVersion;
				minimumVersion = 5.9.1;
			};
		};
		E532C9DE2C1A614A00B25DC0 /* XCRemoteSwiftPackageReference "Kingfisher" */ = {
			isa = XCRemoteSwiftPackageReference;
			repositoryURL = "https://github.com/onevcat/Kingfisher.git";
			requirement = {
				kind = upToNextMajorVersion;
				minimumVersion = 7.12.0;
			};
		};
/* End XCRemoteSwiftPackageReference section */

/* Begin XCSwiftPackageProductDependency section */
		E532C9DA2C1A611100B25DC0 /* Alamofire */ = {
			isa = XCSwiftPackageProductDependency;
			package = E532C9D92C1A611100B25DC0 /* XCRemoteSwiftPackageReference "Alamofire" */;
			productName = Alamofire;
		};
		E532C9DC2C1A611100B25DC0 /* AlamofireDynamic */ = {
			isa = XCSwiftPackageProductDependency;
			package = E532C9D92C1A611100B25DC0 /* XCRemoteSwiftPackageReference "Alamofire" */;
			productName = AlamofireDynamic;
		};
		E532C9DF2C1A614A00B25DC0 /* Kingfisher */ = {
			isa = XCSwiftPackageProductDependency;
			package = E532C9DE2C1A614A00B25DC0 /* XCRemoteSwiftPackageReference "Kingfisher" */;
			productName = Kingfisher;
		};
/* End XCSwiftPackageProductDependency section */
	};
	rootObject = E5C818702C1A5CDD001EF4E9 /* Project object */;
}
